
Microsoft Visual Studio Solution File, Format Version 12.00
# Visual Studio Version 16
VisualStudioVersion = 16.0.30804.86
MinimumVisualStudioVersion = 10.0.40219.1
Project("{FAE04EC0-301F-11D3-BF4B-00C04F79EFBC}") = "FirstMonoGame", "FirstMonoGame\FirstMonoGame.csproj", "{BA60CEBB-6686-4D09-A344-1948007E43B9}"
EndProject
Global
	GlobalSection(SolutionConfigurationPlatforms) = preSolution
		Debug|Any CPU = Debug|Any CPU
		Release|Any CPU = Release|Any CPU
	EndGlobalSection
	GlobalSection(ProjectConfigurationPlatforms) = postSolution
		{BA60CEBB-6686-4D09-A344-1948007E43B9}.Debug|Any CPU.ActiveCfg = Debug|Any CPU
		{BA60CEBB-6686-4D09-A344-1948007E43B9}.Debug|Any CPU.Build.0 = Debug|Any CPU
		{BA60CEBB-6686-4D09-A344-1948007E43B9}.Release|Any CPU.ActiveCfg = Release|Any CPU
		{BA60CEBB-6686-4D09-A344-1948007E43B9}.Release|Any CPU.Build.0 = Release|Any CPU
	EndGlobalSection
	GlobalSection(SolutionProperties) = preSolution
		HideSolutionNode = FALSE
	EndGlobalSection
	GlobalSection(ExtensibilityGlobals) = postSolution
		SolutionGuid = {2C921728-6864-4511-822E-28C1ABB2B5B0}
	EndGlobalSection
EndGlobal
